
Microsoft Visual Studio Solution File, Format Version 12.00
# Visual Studio Version 17
VisualStudioVersion = 17.2.32602.215
MinimumVisualStudioVersion = 10.0.40219.1
Project("{9A19103F-16F7-4668-BE54-9A1E7A4F7556}") = "webShop", "webShop\webShop.csproj", "{86AEDAAE-D7B6-4150-A3AB-242980994483}"
EndProject
Project("{FAE04EC0-301F-11D3-BF4B-00C04F79EFBC}") = "UnitTests", "UnitTests\UnitTests.csproj", "{39CAAB4D-53B5-4A95-8731-B5DF4BC490EB}"
EndProject
Project("{FAE04EC0-301F-11D3-BF4B-00C04F79EFBC}") = "TestProject2", "TestProject2\TestProject2.csproj", "{30D2E64A-3F09-4B15-8EE1-D187B913F21B}"
EndProject
Global
	GlobalSection(SolutionConfigurationPlatforms) = preSolution
		Debug|Any CPU = Debug|Any CPU
		Release|Any CPU = Release|Any CPU
	EndGlobalSection
	GlobalSection(ProjectConfigurationPlatforms) = postSolution
		{86AEDAAE-D7B6-4150-A3AB-242980994483}.Debug|Any CPU.ActiveCfg = Debug|Any CPU
		{86AEDAAE-D7B6-4150-A3AB-242980994483}.Debug|Any CPU.Build.0 = Debug|Any CPU
		{86AEDAAE-D7B6-4150-A3AB-242980994483}.Release|Any CPU.ActiveCfg = Release|Any CPU
		{86AEDAAE-D7B6-4150-A3AB-242980994483}.Release|Any CPU.Build.0 = Release|Any CPU
		{39CAAB4D-53B5-4A95-8731-B5DF4BC490EB}.Debug|Any CPU.ActiveCfg = Debug|Any CPU
		{39CAAB4D-53B5-4A95-8731-B5DF4BC490EB}.Debug|Any CPU.Build.0 = Debug|Any CPU
		{39CAAB4D-53B5-4A95-8731-B5DF4BC490EB}.Release|Any CPU.ActiveCfg = Release|Any CPU
		{39CAAB4D-53B5-4A95-8731-B5DF4BC490EB}.Release|Any CPU.Build.0 = Release|Any CPU
		{30D2E64A-3F09-4B15-8EE1-D187B913F21B}.Debug|Any CPU.ActiveCfg = Debug|Any CPU
		{30D2E64A-3F09-4B15-8EE1-D187B913F21B}.Debug|Any CPU.Build.0 = Debug|Any CPU
		{30D2E64A-3F09-4B15-8EE1-D187B913F21B}.Release|Any CPU.ActiveCfg = Release|Any CPU
		{30D2E64A-3F09-4B15-8EE1-D187B913F21B}.Release|Any CPU.Build.0 = Release|Any CPU
	EndGlobalSection
	GlobalSection(SolutionProperties) = preSolution
		HideSolutionNode = FALSE
	EndGlobalSection
	GlobalSection(ExtensibilityGlobals) = postSolution
		SolutionGuid = {DC4255A6-0FA3-4405-B342-26B6672690F9}
	EndGlobalSection
EndGlobal
